
Microsoft Visual Studio Solution File, Format Version 12.00
Project("{FAE04EC0-301F-11D3-BF4B-00C04F79EFBC}") = "Lab-05-WebApi", "Lab-05-WebApi\Lab-05-WebApi.csproj", "{42C8C23E-9EC7-43AB-9717-9B7299250C83}"
EndProject
Global
	GlobalSection(SolutionConfigurationPlatforms) = preSolution
		Debug|Any CPU = Debug|Any CPU
		Release|Any CPU = Release|Any CPU
	EndGlobalSection
	GlobalSection(ProjectConfigurationPlatforms) = postSolution
		{42C8C23E-9EC7-43AB-9717-9B7299250C83}.Debug|Any CPU.ActiveCfg = Debug|Any CPU
		{42C8C23E-9EC7-43AB-9717-9B7299250C83}.Debug|Any CPU.Build.0 = Debug|Any CPU
		{42C8C23E-9EC7-43AB-9717-9B7299250C83}.Release|Any CPU.ActiveCfg = Release|Any CPU
		{42C8C23E-9EC7-43AB-9717-9B7299250C83}.Release|Any CPU.Build.0 = Release|Any CPU
	EndGlobalSection
EndGlobal
